
Microsoft Visual Studio Solution File, Format Version 12.00
# Visual Studio Version 16
VisualStudioVersion = 16.0.31129.286
MinimumVisualStudioVersion = 10.0.40219.1
Project("{FAE04EC0-301F-11D3-BF4B-00C04F79EFBC}") = "PokemonPartyConsoleApp", "PokemonPartyConsoleApp.csproj", "{FB132BF7-8612-4E3D-AD13-7BCC8A1F6338}"
EndProject
Global
	GlobalSection(SolutionConfigurationPlatforms) = preSolution
		Debug|Any CPU = Debug|Any CPU
		Release|Any CPU = Release|Any CPU
	EndGlobalSection
	GlobalSection(ProjectConfigurationPlatforms) = postSolution
		{FB132BF7-8612-4E3D-AD13-7BCC8A1F6338}.Debug|Any CPU.ActiveCfg = Debug|Any CPU
		{FB132BF7-8612-4E3D-AD13-7BCC8A1F6338}.Debug|Any CPU.Build.0 = Debug|Any CPU
		{FB132BF7-8612-4E3D-AD13-7BCC8A1F6338}.Release|Any CPU.ActiveCfg = Release|Any CPU
		{FB132BF7-8612-4E3D-AD13-7BCC8A1F6338}.Release|Any CPU.Build.0 = Release|Any CPU
	EndGlobalSection
	GlobalSection(SolutionProperties) = preSolution
		HideSolutionNode = FALSE
	EndGlobalSection
	GlobalSection(ExtensibilityGlobals) = postSolution
		SolutionGuid = {803CB1E8-B890-471E-AAE7-B4B17D975712}
	EndGlobalSection
EndGlobal
